
Microsoft Visual Studio Solution File, Format Version 12.00
# Visual Studio 15
VisualStudioVersion = 15.0.26730.16
MinimumVisualStudioVersion = 10.0.40219.1
Project("{FAE04EC0-301F-11D3-BF4B-00C04F79EFBC}") = "NUnit.Tests.DotNETStandard10", "NUnit.Tests.DotNETStandard10\NUnit.Tests.DotNETStandard10.csproj", "{2FA3D724-A040-4106-9796-C990E427FA1F}"
EndProject
Project("{2150E333-8FDC-42A3-9474-1A3956D46DE8}") = "source", "source", "{A5AE1A57-8A67-422D-88CA-93B82385E255}"
EndProject
Project("{FAE04EC0-301F-11D3-BF4B-00C04F79EFBC}") = "XUnit2.Tests.DotNETStandard10", "XUnit2.Tests.DotNETStandard10\XUnit2.Tests.DotNETStandard10.csproj", "{950C219D-274F-4BDE-ADAE-D0C4470D271B}"
EndProject
Project("{9A19103F-16F7-4668-BE54-9A1E7A4F7556}") = "DotNETStandard10", "..\source\DotNETStandard10\DotNETStandard10.csproj", "{F5D9A1E6-FDB1-41AE-9771-032F71A45D1C}"
EndProject
Project("{D954291E-2A0B-460D-934E-DC6B0785DB48}") = "ClassesToTest.Shared", "..\source\ClassesToTest.Shared\ClassesToTest.Shared.shproj", "{3A2AE435-5197-4622-85E1-C6A7E811808F}"
EndProject
Project("{9A19103F-16F7-4668-BE54-9A1E7A4F7556}") = "DotNETStandard11", "..\source\DotNETStandard11\DotNETStandard11.csproj", "{82D72DAA-F0CA-451A-8090-0137141B9F93}"
EndProject
Project("{9A19103F-16F7-4668-BE54-9A1E7A4F7556}") = "DotNETStandard16", "..\source\DotNETStandard16\DotNETStandard16.csproj", "{BA4D5FAE-0592-47BA-B3BB-C23755FAA617}"
EndProject
Global
	GlobalSection(SharedMSBuildProjectFiles) = preSolution
		..\source\ClassesToTest.Shared\ClassesToTest.Shared.projitems*{3a2ae435-5197-4622-85e1-c6a7e811808f}*SharedItemsImports = 13
	EndGlobalSection
	GlobalSection(SolutionConfigurationPlatforms) = preSolution
		Debug|Any CPU = Debug|Any CPU
		Release|Any CPU = Release|Any CPU
	EndGlobalSection
	GlobalSection(ProjectConfigurationPlatforms) = postSolution
		{2FA3D724-A040-4106-9796-C990E427FA1F}.Debug|Any CPU.ActiveCfg = Debug|Any CPU
		{2FA3D724-A040-4106-9796-C990E427FA1F}.Debug|Any CPU.Build.0 = Debug|Any CPU
		{2FA3D724-A040-4106-9796-C990E427FA1F}.Release|Any CPU.ActiveCfg = Release|Any CPU
		{2FA3D724-A040-4106-9796-C990E427FA1F}.Release|Any CPU.Build.0 = Release|Any CPU
		{950C219D-274F-4BDE-ADAE-D0C4470D271B}.Debug|Any CPU.ActiveCfg = Debug|Any CPU
		{950C219D-274F-4BDE-ADAE-D0C4470D271B}.Debug|Any CPU.Build.0 = Debug|Any CPU
		{950C219D-274F-4BDE-ADAE-D0C4470D271B}.Release|Any CPU.ActiveCfg = Release|Any CPU
		{950C219D-274F-4BDE-ADAE-D0C4470D271B}.Release|Any CPU.Build.0 = Release|Any CPU
		{F5D9A1E6-FDB1-41AE-9771-032F71A45D1C}.Debug|Any CPU.ActiveCfg = Debug|Any CPU
		{F5D9A1E6-FDB1-41AE-9771-032F71A45D1C}.Debug|Any CPU.Build.0 = Debug|Any CPU
		{F5D9A1E6-FDB1-41AE-9771-032F71A45D1C}.Release|Any CPU.ActiveCfg = Release|Any CPU
		{F5D9A1E6-FDB1-41AE-9771-032F71A45D1C}.Release|Any CPU.Build.0 = Release|Any CPU
		{82D72DAA-F0CA-451A-8090-0137141B9F93}.Debug|Any CPU.ActiveCfg = Debug|Any CPU
		{82D72DAA-F0CA-451A-8090-0137141B9F93}.Debug|Any CPU.Build.0 = Debug|Any CPU
		{82D72DAA-F0CA-451A-8090-0137141B9F93}.Release|Any CPU.ActiveCfg = Release|Any CPU
		{82D72DAA-F0CA-451A-8090-0137141B9F93}.Release|Any CPU.Build.0 = Release|Any CPU
		{BA4D5FAE-0592-47BA-B3BB-C23755FAA617}.Debug|Any CPU.ActiveCfg = Debug|Any CPU
		{BA4D5FAE-0592-47BA-B3BB-C23755FAA617}.Debug|Any CPU.Build.0 = Debug|Any CPU
		{BA4D5FAE-0592-47BA-B3BB-C23755FAA617}.Release|Any CPU.ActiveCfg = Release|Any CPU
		{BA4D5FAE-0592-47BA-B3BB-C23755FAA617}.Release|Any CPU.Build.0 = Release|Any CPU
	EndGlobalSection
	GlobalSection(SolutionProperties) = preSolution
		HideSolutionNode = FALSE
	EndGlobalSection
	GlobalSection(NestedProjects) = preSolution
		{F5D9A1E6-FDB1-41AE-9771-032F71A45D1C} = {A5AE1A57-8A67-422D-88CA-93B82385E255}
		{3A2AE435-5197-4622-85E1-C6A7E811808F} = {A5AE1A57-8A67-422D-88CA-93B82385E255}
		{82D72DAA-F0CA-451A-8090-0137141B9F93} = {A5AE1A57-8A67-422D-88CA-93B82385E255}
		{BA4D5FAE-0592-47BA-B3BB-C23755FAA617} = {A5AE1A57-8A67-422D-88CA-93B82385E255}
	EndGlobalSection
	GlobalSection(ExtensibilityGlobals) = postSolution
		SolutionGuid = {80201DC7-57D3-4125-B682-E23C0FE2C569}
	EndGlobalSection
EndGlobal
