
Microsoft Visual Studio Solution File, Format Version 12.00
# Visual Studio 15
VisualStudioVersion = 15.0.27004.2005
MinimumVisualStudioVersion = 10.0.40219.1
Project("{FAE04EC0-301F-11D3-BF4B-00C04F79EFBC}") = "App.Console.DotNetCore10", "App.Console.DotNetCore10\App.Console.DotNetCore10.csproj", "{8E40AE6C-ABE5-44EC-AC00-21A5B85E688D}"
EndProject
Project("{2150E333-8FDC-42A3-9474-1A3956D46DE8}") = "source", "source", "{570CB4ED-65D6-4F00-915A-E69A5EF1A352}"
EndProject
Project("{FAE04EC0-301F-11D3-BF4B-00C04F79EFBC}") = "CustomFormatterDemo", "CustomFormatterDemo\CustomFormatterDemo.csproj", "{2D363C07-06C5-400D-9A01-1194B0D9CBFE}"
EndProject
Project("{FAE04EC0-301F-11D3-BF4B-00C04F79EFBC}") = "ResponseFormattingSample", "ResponseFormattingSample\ResponseFormattingSample.csproj", "{B4F3B9ED-E8E1-4E7F-8556-46DAC31BBA9D}"
EndProject
Project("{2150E333-8FDC-42A3-9474-1A3956D46DE8}") = "Solution Items", "Solution Items", "{51E36125-FEA9-4A1A-A99A-A4C8311B7A88}"
	ProjectSection(SolutionItems) = preProject
		..\readme.md = ..\readme.md
	EndProjectSection
EndProject
Global
	GlobalSection(SharedMSBuildProjectFiles) = preSolution
		..\source\HolisticWare.Net.OAuth\HolisticWare.Net.OAuth.projitems*{0145436c-5efe-4ad9-81ba-24d7be276fd1}*SharedItemsImports = 13
	EndGlobalSection
	GlobalSection(SolutionConfigurationPlatforms) = preSolution
		Debug|Any CPU = Debug|Any CPU
		Release|Any CPU = Release|Any CPU
		Debug|iPhoneSimulator = Debug|iPhoneSimulator
		Release|iPhone = Release|iPhone
		Release|iPhoneSimulator = Release|iPhoneSimulator
		Debug|iPhone = Debug|iPhone
	EndGlobalSection
	GlobalSection(ProjectConfigurationPlatforms) = postSolution
		{8E40AE6C-ABE5-44EC-AC00-21A5B85E688D}.Debug|Any CPU.ActiveCfg = Debug|Any CPU
		{8E40AE6C-ABE5-44EC-AC00-21A5B85E688D}.Debug|Any CPU.Build.0 = Debug|Any CPU
		{8E40AE6C-ABE5-44EC-AC00-21A5B85E688D}.Release|Any CPU.ActiveCfg = Release|Any CPU
		{8E40AE6C-ABE5-44EC-AC00-21A5B85E688D}.Release|Any CPU.Build.0 = Release|Any CPU
		{8E40AE6C-ABE5-44EC-AC00-21A5B85E688D}.Debug|iPhoneSimulator.ActiveCfg = Debug|Any CPU
		{8E40AE6C-ABE5-44EC-AC00-21A5B85E688D}.Debug|iPhoneSimulator.Build.0 = Debug|Any CPU
		{8E40AE6C-ABE5-44EC-AC00-21A5B85E688D}.Release|iPhone.ActiveCfg = Release|Any CPU
		{8E40AE6C-ABE5-44EC-AC00-21A5B85E688D}.Release|iPhone.Build.0 = Release|Any CPU
		{8E40AE6C-ABE5-44EC-AC00-21A5B85E688D}.Release|iPhoneSimulator.ActiveCfg = Release|Any CPU
		{8E40AE6C-ABE5-44EC-AC00-21A5B85E688D}.Release|iPhoneSimulator.Build.0 = Release|Any CPU
		{8E40AE6C-ABE5-44EC-AC00-21A5B85E688D}.Debug|iPhone.ActiveCfg = Debug|Any CPU
		{8E40AE6C-ABE5-44EC-AC00-21A5B85E688D}.Debug|iPhone.Build.0 = Debug|Any CPU
		{2D363C07-06C5-400D-9A01-1194B0D9CBFE}.Debug|Any CPU.ActiveCfg = Debug|Any CPU
		{2D363C07-06C5-400D-9A01-1194B0D9CBFE}.Debug|Any CPU.Build.0 = Debug|Any CPU
		{2D363C07-06C5-400D-9A01-1194B0D9CBFE}.Release|Any CPU.ActiveCfg = Release|Any CPU
		{2D363C07-06C5-400D-9A01-1194B0D9CBFE}.Release|Any CPU.Build.0 = Release|Any CPU
		{2D363C07-06C5-400D-9A01-1194B0D9CBFE}.Debug|iPhoneSimulator.ActiveCfg = Debug|Any CPU
		{2D363C07-06C5-400D-9A01-1194B0D9CBFE}.Debug|iPhoneSimulator.Build.0 = Debug|Any CPU
		{2D363C07-06C5-400D-9A01-1194B0D9CBFE}.Release|iPhone.ActiveCfg = Release|Any CPU
		{2D363C07-06C5-400D-9A01-1194B0D9CBFE}.Release|iPhone.Build.0 = Release|Any CPU
		{2D363C07-06C5-400D-9A01-1194B0D9CBFE}.Release|iPhoneSimulator.ActiveCfg = Release|Any CPU
		{2D363C07-06C5-400D-9A01-1194B0D9CBFE}.Release|iPhoneSimulator.Build.0 = Release|Any CPU
		{2D363C07-06C5-400D-9A01-1194B0D9CBFE}.Debug|iPhone.ActiveCfg = Debug|Any CPU
		{2D363C07-06C5-400D-9A01-1194B0D9CBFE}.Debug|iPhone.Build.0 = Debug|Any CPU
		{B4F3B9ED-E8E1-4E7F-8556-46DAC31BBA9D}.Debug|Any CPU.ActiveCfg = Debug|Any CPU
		{B4F3B9ED-E8E1-4E7F-8556-46DAC31BBA9D}.Debug|Any CPU.Build.0 = Debug|Any CPU
		{B4F3B9ED-E8E1-4E7F-8556-46DAC31BBA9D}.Release|Any CPU.ActiveCfg = Release|Any CPU
		{B4F3B9ED-E8E1-4E7F-8556-46DAC31BBA9D}.Release|Any CPU.Build.0 = Release|Any CPU
		{B4F3B9ED-E8E1-4E7F-8556-46DAC31BBA9D}.Debug|iPhoneSimulator.ActiveCfg = Debug|Any CPU
		{B4F3B9ED-E8E1-4E7F-8556-46DAC31BBA9D}.Debug|iPhoneSimulator.Build.0 = Debug|Any CPU
		{B4F3B9ED-E8E1-4E7F-8556-46DAC31BBA9D}.Release|iPhone.ActiveCfg = Release|Any CPU
		{B4F3B9ED-E8E1-4E7F-8556-46DAC31BBA9D}.Release|iPhone.Build.0 = Release|Any CPU
		{B4F3B9ED-E8E1-4E7F-8556-46DAC31BBA9D}.Release|iPhoneSimulator.ActiveCfg = Release|Any CPU
		{B4F3B9ED-E8E1-4E7F-8556-46DAC31BBA9D}.Release|iPhoneSimulator.Build.0 = Release|Any CPU
		{B4F3B9ED-E8E1-4E7F-8556-46DAC31BBA9D}.Debug|iPhone.ActiveCfg = Debug|Any CPU
		{B4F3B9ED-E8E1-4E7F-8556-46DAC31BBA9D}.Debug|iPhone.Build.0 = Debug|Any CPU
	EndGlobalSection
	GlobalSection(SolutionProperties) = preSolution
		HideSolutionNode = FALSE
	EndGlobalSection
	GlobalSection(NestedProjects) = preSolution
	EndGlobalSection
	GlobalSection(ExtensibilityGlobals) = postSolution
		SolutionGuid = {80201DC7-57D3-4125-B682-E23C0FE2C569}
	EndGlobalSection
EndGlobal
