
Microsoft Visual Studio Solution File, Format Version 12.00
# Visual Studio 15
VisualStudioVersion = 15.0.27004.2005
MinimumVisualStudioVersion = 10.0.40219.1
Project("{9A19103F-16F7-4668-BE54-9A1E7A4F7556}") = "App.Console.DotNetCore10", "App.Console.DotNetCore10\App.Console.DotNetCore10.csproj", "{8E40AE6C-ABE5-44EC-AC00-21A5B85E688D}"
EndProject
Project("{2150E333-8FDC-42A3-9474-1A3956D46DE8}") = "source", "source", "{570CB4ED-65D6-4F00-915A-E69A5EF1A352}"
EndProject
Project("{9A19103F-16F7-4668-BE54-9A1E7A4F7556}") = "HolisticWare.Net.OAuth.NetStandard10", "..\source\HolisticWare.Net.OAuth.NetStandard10\HolisticWare.Net.OAuth.NetStandard10.csproj", "{99A55A01-73D4-44FE-8E59-9A6E42726B13}"
EndProject
Project("{9A19103F-16F7-4668-BE54-9A1E7A4F7556}") = "HolisticWare.Net.OAuth.NetStandard11", "..\source\HolisticWare.Net.OAuth.NetStandard11\HolisticWare.Net.OAuth.NetStandard11.csproj", "{49E5F228-3D87-4F38-BDF7-26EB3E2DFE69}"
EndProject
Project("{D954291E-2A0B-460D-934E-DC6B0785DB48}") = "HolisticWare.Net.OAuth", "..\source\HolisticWare.Net.OAuth\HolisticWare.Net.OAuth.shproj", "{0145436C-5EFE-4AD9-81BA-24D7BE276FD1}"
EndProject
Project("{9A19103F-16F7-4668-BE54-9A1E7A4F7556}") = "HolisticWare.Net.OAuth.NetStandard13", "..\source\HolisticWare.Net.OAuth.NetStandard13\HolisticWare.Net.OAuth.NetStandard13.csproj", "{338D3B0A-7246-4A1A-AC70-CFF0D5AA0EF1}"
EndProject
Global
	GlobalSection(SharedMSBuildProjectFiles) = preSolution
		..\source\HolisticWare.Net.OAuth\HolisticWare.Net.OAuth.projitems*{0145436c-5efe-4ad9-81ba-24d7be276fd1}*SharedItemsImports = 13
	EndGlobalSection
	GlobalSection(SolutionConfigurationPlatforms) = preSolution
		Debug|Any CPU = Debug|Any CPU
		Release|Any CPU = Release|Any CPU
	EndGlobalSection
	GlobalSection(ProjectConfigurationPlatforms) = postSolution
		{8E40AE6C-ABE5-44EC-AC00-21A5B85E688D}.Debug|Any CPU.ActiveCfg = Debug|Any CPU
		{8E40AE6C-ABE5-44EC-AC00-21A5B85E688D}.Debug|Any CPU.Build.0 = Debug|Any CPU
		{8E40AE6C-ABE5-44EC-AC00-21A5B85E688D}.Release|Any CPU.ActiveCfg = Release|Any CPU
		{8E40AE6C-ABE5-44EC-AC00-21A5B85E688D}.Release|Any CPU.Build.0 = Release|Any CPU
		{99A55A01-73D4-44FE-8E59-9A6E42726B13}.Debug|Any CPU.ActiveCfg = Debug|Any CPU
		{99A55A01-73D4-44FE-8E59-9A6E42726B13}.Debug|Any CPU.Build.0 = Debug|Any CPU
		{99A55A01-73D4-44FE-8E59-9A6E42726B13}.Release|Any CPU.ActiveCfg = Release|Any CPU
		{99A55A01-73D4-44FE-8E59-9A6E42726B13}.Release|Any CPU.Build.0 = Release|Any CPU
		{49E5F228-3D87-4F38-BDF7-26EB3E2DFE69}.Debug|Any CPU.ActiveCfg = Debug|Any CPU
		{49E5F228-3D87-4F38-BDF7-26EB3E2DFE69}.Debug|Any CPU.Build.0 = Debug|Any CPU
		{49E5F228-3D87-4F38-BDF7-26EB3E2DFE69}.Release|Any CPU.ActiveCfg = Release|Any CPU
		{49E5F228-3D87-4F38-BDF7-26EB3E2DFE69}.Release|Any CPU.Build.0 = Release|Any CPU
		{338D3B0A-7246-4A1A-AC70-CFF0D5AA0EF1}.Debug|Any CPU.ActiveCfg = Debug|Any CPU
		{338D3B0A-7246-4A1A-AC70-CFF0D5AA0EF1}.Debug|Any CPU.Build.0 = Debug|Any CPU
		{338D3B0A-7246-4A1A-AC70-CFF0D5AA0EF1}.Release|Any CPU.ActiveCfg = Release|Any CPU
		{338D3B0A-7246-4A1A-AC70-CFF0D5AA0EF1}.Release|Any CPU.Build.0 = Release|Any CPU
	EndGlobalSection
	GlobalSection(SolutionProperties) = preSolution
		HideSolutionNode = FALSE
	EndGlobalSection
	GlobalSection(NestedProjects) = preSolution
		{99A55A01-73D4-44FE-8E59-9A6E42726B13} = {570CB4ED-65D6-4F00-915A-E69A5EF1A352}
		{49E5F228-3D87-4F38-BDF7-26EB3E2DFE69} = {570CB4ED-65D6-4F00-915A-E69A5EF1A352}
		{0145436C-5EFE-4AD9-81BA-24D7BE276FD1} = {570CB4ED-65D6-4F00-915A-E69A5EF1A352}
		{338D3B0A-7246-4A1A-AC70-CFF0D5AA0EF1} = {570CB4ED-65D6-4F00-915A-E69A5EF1A352}
	EndGlobalSection
	GlobalSection(ExtensibilityGlobals) = postSolution
		SolutionGuid = {80201DC7-57D3-4125-B682-E23C0FE2C569}
	EndGlobalSection
EndGlobal
