
Microsoft Visual Studio Solution File, Format Version 12.00
# Visual Studio 15
VisualStudioVersion = 15.0.27004.2005
MinimumVisualStudioVersion = 10.0.40219.1
Project("{2150E333-8FDC-42A3-9474-1A3956D46DE8}") = "source", "source", "{5E437C0A-3605-44A4-85F8-C867E11EC6A3}"
EndProject
Project("{D954291E-2A0B-460D-934E-DC6B0785DB48}") = "UnitTests.Common.DotNetStandard10", "UnitTests.Common.DotNetStandard10\UnitTests.Common.DotNetStandard10.shproj", "{9CED7EE1-EAD6-40E5-8F0E-1CBF11A1BDE3}"
EndProject
Project("{D954291E-2A0B-460D-934E-DC6B0785DB48}") = "UnitTests.Common.DotNetStandard11", "UnitTests.Common.DotNetStandard11\UnitTests.Common.DotNetStandard11.shproj", "{515C6C03-5503-45DF-921F-C8D94634728E}"
EndProject
Project("{FAE04EC0-301F-11D3-BF4B-00C04F79EFBC}") = "HolisticWare.Net.OAuth.NetStandard10", "..\..\source\HolisticWare.Net.OAuth.NetStandard10\HolisticWare.Net.OAuth.NetStandard10.csproj", "{99A55A01-73D4-44FE-8E59-9A6E42726B13}"
EndProject
Project("{FAE04EC0-301F-11D3-BF4B-00C04F79EFBC}") = "HolisticWare.Net.OAuth.NetStandard11", "..\..\source\HolisticWare.Net.OAuth.NetStandard11\HolisticWare.Net.OAuth.NetStandard11.csproj", "{49E5F228-3D87-4F38-BDF7-26EB3E2DFE69}"
EndProject
Project("{D954291E-2A0B-460D-934E-DC6B0785DB48}") = "HolisticWare.Net.OAuth", "..\..\source\HolisticWare.Net.OAuth\HolisticWare.Net.OAuth.shproj", "{0145436C-5EFE-4AD9-81BA-24D7BE276FD1}"
EndProject
Project("{FAE04EC0-301F-11D3-BF4B-00C04F79EFBC}") = "HolisticWare.Net.OAuth.NetStandard13", "..\..\source\HolisticWare.Net.OAuth.NetStandard13\HolisticWare.Net.OAuth.NetStandard13.csproj", "{338D3B0A-7246-4A1A-AC70-CFF0D5AA0EF1}"
EndProject
Project("{D954291E-2A0B-460D-934E-DC6B0785DB48}") = "UnitTests.Common.DotNetStandard13", "UnitTests.Common.DotNetStandard13\UnitTests.Common.DotNetStandard13.shproj", "{56EBACB9-A89A-4289-BBD7-FBF9276334D0}"
EndProject
Project("{D954291E-2A0B-460D-934E-DC6B0785DB48}") = "UnitTests.Common", "UnitTests.Common\UnitTests.Common.shproj", "{049A73EE-1799-42AF-B5B7-83CCC2A84050}"
EndProject
Project("{2150E333-8FDC-42A3-9474-1A3956D46DE8}") = "NUnit", "NUnit", "{7D8F54EF-1449-4D09-A6E5-90CCD00A691E}"
EndProject
Project("{2150E333-8FDC-42A3-9474-1A3956D46DE8}") = "unit-tests", "unit-tests", "{A04A0F84-8D87-4F96-8A48-43D171D71843}"
EndProject
Project("{2150E333-8FDC-42A3-9474-1A3956D46DE8}") = "XUnit-netfx", "XUnit-netfx", "{6AABBDBB-CA0E-423E-99EF-08AF89C32AAA}"
EndProject
Project("{FAE04EC0-301F-11D3-BF4B-00C04F79EFBC}") = "UnitTests.NUnit.DotNETStandard10", "nunit\UnitTests.NUnit.DotNETStandard10\UnitTests.NUnit.DotNETStandard10.csproj", "{2FA3D724-A040-4106-9796-C990E427FA1F}"
EndProject
Project("{FAE04EC0-301F-11D3-BF4B-00C04F79EFBC}") = "UnitTests.NUnit.DotNETStandard11", "nunit\UnitTests.NUnit.DotNETStandard11\UnitTests.NUnit.DotNETStandard11.csproj", "{9E225E03-7F55-4D3B-A66E-6437C2DD32BE}"
EndProject
Project("{FAE04EC0-301F-11D3-BF4B-00C04F79EFBC}") = "UnitTests.NUnit.DotNETStandard13", "nunit\UnitTests.NUnit.DotNETStandard13\UnitTests.NUnit.DotNETStandard13.csproj", "{737A1D9C-0A7C-46DD-8702-FD5F056F40D2}"
EndProject
Project("{FAE04EC0-301F-11D3-BF4B-00C04F79EFBC}") = "UnitTests.XUnit2.DotNETStandard13", "xunit-netfx\UnitTests.XUnit2.DotNETStandard13\UnitTests.XUnit2.DotNETStandard13.csproj", "{950C219D-274F-4BDE-ADAE-D0C4470D271B}"
EndProject
Global
	GlobalSection(SharedMSBuildProjectFiles) = preSolution
		..\..\source\HolisticWare.Net.OAuth\HolisticWare.Net.OAuth.projitems*{0145436c-5efe-4ad9-81ba-24d7be276fd1}*SharedItemsImports = 13
		UnitTests.Common\UnitTests.Common.projitems*{049a73ee-1799-42af-b5b7-83ccc2a84050}*SharedItemsImports = 13
		..\..\source\HolisticWare.Net.OAuth\HolisticWare.Net.OAuth.projitems*{2fa3d724-a040-4106-9796-c990e427fa1f}*SharedItemsImports = 4
		UnitTests.Common.DotNetStandard10\UnitTests.Common.DotNetStandard10.projitems*{2fa3d724-a040-4106-9796-c990e427fa1f}*SharedItemsImports = 4
		UnitTests.Common\UnitTests.Common.projitems*{2fa3d724-a040-4106-9796-c990e427fa1f}*SharedItemsImports = 4
		UnitTests.Common.DotNetStandard11\UnitTests.Common.DotNetStandard11.projitems*{515c6c03-5503-45df-921f-c8d94634728e}*SharedItemsImports = 13
		UnitTests.Common.DotNetStandard13\UnitTests.Common.DotNetStandard13.projitems*{56ebacb9-a89a-4289-bbd7-fbf9276334d0}*SharedItemsImports = 13
		..\..\source\HolisticWare.Net.OAuth\HolisticWare.Net.OAuth.projitems*{737a1d9c-0a7c-46dd-8702-fd5f056f40d2}*SharedItemsImports = 4
		UnitTests.Common.DotNetStandard13\UnitTests.Common.DotNetStandard13.projitems*{737a1d9c-0a7c-46dd-8702-fd5f056f40d2}*SharedItemsImports = 4
		UnitTests.Common\UnitTests.Common.projitems*{737a1d9c-0a7c-46dd-8702-fd5f056f40d2}*SharedItemsImports = 4
		UnitTests.Common.DotNetStandard10\UnitTests.Common.DotNetStandard10.projitems*{9ced7ee1-ead6-40e5-8f0e-1cbf11a1bde3}*SharedItemsImports = 13
		..\..\source\HolisticWare.Net.OAuth\HolisticWare.Net.OAuth.projitems*{9e225e03-7f55-4d3b-a66e-6437c2dd32be}*SharedItemsImports = 4
		UnitTests.Common.DotNetStandard11\UnitTests.Common.DotNetStandard11.projitems*{9e225e03-7f55-4d3b-a66e-6437c2dd32be}*SharedItemsImports = 4
		UnitTests.Common\UnitTests.Common.projitems*{9e225e03-7f55-4d3b-a66e-6437c2dd32be}*SharedItemsImports = 4
	EndGlobalSection
	GlobalSection(SolutionConfigurationPlatforms) = preSolution
		Debug|Any CPU = Debug|Any CPU
		Release|Any CPU = Release|Any CPU
	EndGlobalSection
	GlobalSection(ProjectConfigurationPlatforms) = postSolution
		{99A55A01-73D4-44FE-8E59-9A6E42726B13}.Debug|Any CPU.ActiveCfg = Debug|Any CPU
		{99A55A01-73D4-44FE-8E59-9A6E42726B13}.Debug|Any CPU.Build.0 = Debug|Any CPU
		{99A55A01-73D4-44FE-8E59-9A6E42726B13}.Release|Any CPU.ActiveCfg = Release|Any CPU
		{99A55A01-73D4-44FE-8E59-9A6E42726B13}.Release|Any CPU.Build.0 = Release|Any CPU
		{49E5F228-3D87-4F38-BDF7-26EB3E2DFE69}.Debug|Any CPU.ActiveCfg = Debug|Any CPU
		{49E5F228-3D87-4F38-BDF7-26EB3E2DFE69}.Debug|Any CPU.Build.0 = Debug|Any CPU
		{49E5F228-3D87-4F38-BDF7-26EB3E2DFE69}.Release|Any CPU.ActiveCfg = Release|Any CPU
		{49E5F228-3D87-4F38-BDF7-26EB3E2DFE69}.Release|Any CPU.Build.0 = Release|Any CPU
		{338D3B0A-7246-4A1A-AC70-CFF0D5AA0EF1}.Debug|Any CPU.ActiveCfg = Debug|Any CPU
		{338D3B0A-7246-4A1A-AC70-CFF0D5AA0EF1}.Debug|Any CPU.Build.0 = Debug|Any CPU
		{338D3B0A-7246-4A1A-AC70-CFF0D5AA0EF1}.Release|Any CPU.ActiveCfg = Release|Any CPU
		{338D3B0A-7246-4A1A-AC70-CFF0D5AA0EF1}.Release|Any CPU.Build.0 = Release|Any CPU
		{2FA3D724-A040-4106-9796-C990E427FA1F}.Debug|Any CPU.ActiveCfg = Debug|Any CPU
		{2FA3D724-A040-4106-9796-C990E427FA1F}.Debug|Any CPU.Build.0 = Debug|Any CPU
		{2FA3D724-A040-4106-9796-C990E427FA1F}.Release|Any CPU.ActiveCfg = Release|Any CPU
		{2FA3D724-A040-4106-9796-C990E427FA1F}.Release|Any CPU.Build.0 = Release|Any CPU
		{9E225E03-7F55-4D3B-A66E-6437C2DD32BE}.Debug|Any CPU.ActiveCfg = Debug|Any CPU
		{9E225E03-7F55-4D3B-A66E-6437C2DD32BE}.Debug|Any CPU.Build.0 = Debug|Any CPU
		{9E225E03-7F55-4D3B-A66E-6437C2DD32BE}.Release|Any CPU.ActiveCfg = Release|Any CPU
		{9E225E03-7F55-4D3B-A66E-6437C2DD32BE}.Release|Any CPU.Build.0 = Release|Any CPU
		{737A1D9C-0A7C-46DD-8702-FD5F056F40D2}.Debug|Any CPU.ActiveCfg = Debug|Any CPU
		{737A1D9C-0A7C-46DD-8702-FD5F056F40D2}.Debug|Any CPU.Build.0 = Debug|Any CPU
		{737A1D9C-0A7C-46DD-8702-FD5F056F40D2}.Release|Any CPU.ActiveCfg = Release|Any CPU
		{737A1D9C-0A7C-46DD-8702-FD5F056F40D2}.Release|Any CPU.Build.0 = Release|Any CPU
		{950C219D-274F-4BDE-ADAE-D0C4470D271B}.Debug|Any CPU.ActiveCfg = Debug|Any CPU
		{950C219D-274F-4BDE-ADAE-D0C4470D271B}.Debug|Any CPU.Build.0 = Debug|Any CPU
		{950C219D-274F-4BDE-ADAE-D0C4470D271B}.Release|Any CPU.ActiveCfg = Release|Any CPU
		{950C219D-274F-4BDE-ADAE-D0C4470D271B}.Release|Any CPU.Build.0 = Release|Any CPU
	EndGlobalSection
	GlobalSection(SolutionProperties) = preSolution
		HideSolutionNode = FALSE
	EndGlobalSection
	GlobalSection(NestedProjects) = preSolution
		{99A55A01-73D4-44FE-8E59-9A6E42726B13} = {5E437C0A-3605-44A4-85F8-C867E11EC6A3}
		{49E5F228-3D87-4F38-BDF7-26EB3E2DFE69} = {5E437C0A-3605-44A4-85F8-C867E11EC6A3}
		{0145436C-5EFE-4AD9-81BA-24D7BE276FD1} = {5E437C0A-3605-44A4-85F8-C867E11EC6A3}
		{338D3B0A-7246-4A1A-AC70-CFF0D5AA0EF1} = {5E437C0A-3605-44A4-85F8-C867E11EC6A3}
		{7D8F54EF-1449-4D09-A6E5-90CCD00A691E} = {A04A0F84-8D87-4F96-8A48-43D171D71843}
		{6AABBDBB-CA0E-423E-99EF-08AF89C32AAA} = {A04A0F84-8D87-4F96-8A48-43D171D71843}
		{2FA3D724-A040-4106-9796-C990E427FA1F} = {7D8F54EF-1449-4D09-A6E5-90CCD00A691E}
		{9E225E03-7F55-4D3B-A66E-6437C2DD32BE} = {7D8F54EF-1449-4D09-A6E5-90CCD00A691E}
		{737A1D9C-0A7C-46DD-8702-FD5F056F40D2} = {7D8F54EF-1449-4D09-A6E5-90CCD00A691E}
		{950C219D-274F-4BDE-ADAE-D0C4470D271B} = {6AABBDBB-CA0E-423E-99EF-08AF89C32AAA}
	EndGlobalSection
	GlobalSection(ExtensibilityGlobals) = postSolution
		SolutionGuid = {80201DC7-57D3-4125-B682-E23C0FE2C569}
	EndGlobalSection
EndGlobal
