
Microsoft Visual Studio Solution File, Format Version 12.00
# Visual Studio 15
VisualStudioVersion = 15.0.27004.2009
MinimumVisualStudioVersion = 10.0.40219.1
Project("{D954291E-2A0B-460D-934E-DC6B0785DB48}") = "UnitTests.NUnit.Common", "nunit\UnitTests.NUnit.Common\UnitTests.NUnit.Common.shproj", "{049A73EE-1799-42AF-B5B7-83CCC2A84050}"
EndProject
Project("{2150E333-8FDC-42A3-9474-1A3956D46DE8}") = "NUnit", "NUnit", "{7D8F54EF-1449-4D09-A6E5-90CCD00A691E}"
EndProject
Project("{2150E333-8FDC-42A3-9474-1A3956D46DE8}") = "unit-tests", "unit-tests", "{A04A0F84-8D87-4F96-8A48-43D171D71843}"
EndProject
Project("{2150E333-8FDC-42A3-9474-1A3956D46DE8}") = "XUnit-netfx", "XUnit-netfx", "{6AABBDBB-CA0E-423E-99EF-08AF89C32AAA}"
EndProject
Project("{FAE04EC0-301F-11D3-BF4B-00C04F79EFBC}") = "UnitTests.NUnit.DotNETStandard10", "nunit\UnitTests.NUnit.DotNETStandard10\UnitTests.NUnit.DotNETStandard10.csproj", "{2FA3D724-A040-4106-9796-C990E427FA1F}"
EndProject
Project("{FAE04EC0-301F-11D3-BF4B-00C04F79EFBC}") = "UnitTests.NUnit.DotNETStandard11", "nunit\UnitTests.NUnit.DotNETStandard11\UnitTests.NUnit.DotNETStandard11.csproj", "{9E225E03-7F55-4D3B-A66E-6437C2DD32BE}"
EndProject
Project("{FAE04EC0-301F-11D3-BF4B-00C04F79EFBC}") = "UnitTests.NUnit.DotNETStandard13", "nunit\UnitTests.NUnit.DotNETStandard13\UnitTests.NUnit.DotNETStandard13.csproj", "{737A1D9C-0A7C-46DD-8702-FD5F056F40D2}"
EndProject
Project("{2150E333-8FDC-42A3-9474-1A3956D46DE8}") = "source", "source", "{5E437C0A-3605-44A4-85F8-C867E11EC6A3}"
EndProject
Project("{D954291E-2A0B-460D-934E-DC6B0785DB48}") = "UnitTests.XUnit2.Common", "xunit-netfx\UnitTests.XUnit2.Common\UnitTests.XUnit2.Common.shproj", "{0024F89D-876A-4041-A471-878E3011E527}"
EndProject
Project("{D954291E-2A0B-460D-934E-DC6B0785DB48}") = "UnitTests.XUnit2.Common.DotNetStandard10", "xunit-netfx\UnitTests.XUnit2.Common.DotNetStandard10\UnitTests.XUnit2.Common.DotNetStandard10.shproj", "{8AFEBA5C-0F09-4D27-8DAE-168861ACBEA1}"
EndProject
Project("{D954291E-2A0B-460D-934E-DC6B0785DB48}") = "UnitTests.XUnit2.Common.DotNetStandard11", "xunit-netfx\UnitTests.XUnit2.Common.DotNetStandard11\UnitTests.XUnit2.Common.DotNetStandard11.shproj", "{890F111A-D045-492F-87D3-B0F9AF04C50B}"
EndProject
Project("{D954291E-2A0B-460D-934E-DC6B0785DB48}") = "UnitTests.XUnit2.Common.DotNetStandard13", "xunit-netfx\UnitTests.XUnit2.Common.DotNetStandard13\UnitTests.XUnit2.Common.DotNetStandard13.shproj", "{0F518C4E-8E94-4F84-A4DF-6F555591C099}"
EndProject
Project("{FAE04EC0-301F-11D3-BF4B-00C04F79EFBC}") = "UnitTests.XUnit2.DotNETStandard13", "xunit-netfx\UnitTests.XUnit2.DotNETStandard13\UnitTests.XUnit2.DotNETStandard13.csproj", "{950C219D-274F-4BDE-ADAE-D0C4470D271B}"
EndProject
Project("{D954291E-2A0B-460D-934E-DC6B0785DB48}") = "HolisticWare.Core.Net.HTTP", "..\..\source\HolisticWare.Core.Net.HTTP\HolisticWare.Core.Net.HTTP.shproj", "{0145436C-5EFE-4AD9-81BA-24D7BE276FD1}"
EndProject
Project("{9A19103F-16F7-4668-BE54-9A1E7A4F7556}") = "HolisticWare.Core.Net.HTTP.NetStandard10", "..\..\source\HolisticWare.Core.Net.HTTP.NetStandard10\HolisticWare.Core.Net.HTTP.NetStandard10.csproj", "{99A55A01-73D4-44FE-8E59-9A6E42726B13}"
EndProject
Project("{9A19103F-16F7-4668-BE54-9A1E7A4F7556}") = "HolisticWare.Core.Net.HTTP.NetStandard11", "..\..\source\HolisticWare.Core.Net.HTTP.NetStandard11\HolisticWare.Core.Net.HTTP.NetStandard11.csproj", "{49E5F228-3D87-4F38-BDF7-26EB3E2DFE69}"
EndProject
Project("{9A19103F-16F7-4668-BE54-9A1E7A4F7556}") = "HolisticWare.Core.Net.HTTP.NetStandard13", "..\..\source\HolisticWare.Core.Net.HTTP.NetStandard13\HolisticWare.Core.Net.HTTP.NetStandard13.csproj", "{338D3B0A-7246-4A1A-AC70-CFF0D5AA0EF1}"
EndProject
Project("{D954291E-2A0B-460D-934E-DC6B0785DB48}") = "HolisticWare.Core.JSON.JWT", "..\..\source\HolisticWare.Core.JSON.JWT\HolisticWare.Core.JSON.JWT.shproj", "{5ADCC2B2-20E1-402B-80AC-6D9678700464}"
EndProject
Project("{9A19103F-16F7-4668-BE54-9A1E7A4F7556}") = "HolisticWare.System.Json.NetStandard10", "..\..\source\HolisticWare.System.Json.NetStandard10\HolisticWare.System.Json.NetStandard10.csproj", "{130B1769-F088-4CCF-9713-7532B56CA013}"
EndProject
Project("{9A19103F-16F7-4668-BE54-9A1E7A4F7556}") = "HolisticWare.System.Json.NetStandard11", "..\..\source\HolisticWare.System.Json.NetStandard11\HolisticWare.System.Json.NetStandard11.csproj", "{2B4D9BA6-7A6F-4A40-90BF-E317B92ED347}"
EndProject
Project("{9A19103F-16F7-4668-BE54-9A1E7A4F7556}") = "HolisticWare.System.Json.NetStandard13", "..\..\source\HolisticWare.System.Json.NetStandard13\HolisticWare.System.Json.NetStandard13.csproj", "{3FC9CD9C-91A8-45E0-B619-08F32B7442C0}"
EndProject
Project("{9A19103F-16F7-4668-BE54-9A1E7A4F7556}") = "HolisticWare.Core.JSON.JWT.NetStandard10", "..\..\source\HolisticWare.Core.JSON.JWT.NetStandard10\HolisticWare.Core.JSON.JWT.NetStandard10.csproj", "{7AE60A2C-BE21-4FEE-B0C3-916C461795CD}"
EndProject
Project("{9A19103F-16F7-4668-BE54-9A1E7A4F7556}") = "HolisticWare.Core.JSON.JWT.NetStandard11", "..\..\source\HolisticWare.Core.JSON.JWT.NetStandard11\HolisticWare.Core.JSON.JWT.NetStandard11.csproj", "{2F3EC3E8-2F7B-4DD8-833C-F6A00D5F3962}"
EndProject
Project("{9A19103F-16F7-4668-BE54-9A1E7A4F7556}") = "HolisticWare.Core.JSON.JWT.NetStandard13", "..\..\source\HolisticWare.Core.JSON.JWT.NetStandard13\HolisticWare.Core.JSON.JWT.NetStandard13.csproj", "{A9CB566D-075A-4038-AC8C-BD829D071469}"
EndProject
Project("{D954291E-2A0B-460D-934E-DC6B0785DB48}") = "HolisticWare.Core.Collections.Generic", "..\..\source\HolisticWare.Core.Collections.Generic\HolisticWare.Core.Collections.Generic.shproj", "{57B0EB28-7B4E-410D-B021-0DC9D719C11F}"
EndProject
Project("{9A19103F-16F7-4668-BE54-9A1E7A4F7556}") = "HolisticWare.Core.Net.HTTP.NetStandard20", "..\..\source\HolisticWare.Core.Net.HTTP.NetStandard20\HolisticWare.Core.Net.HTTP.NetStandard20.csproj", "{E49757B7-D513-4457-B7BF-6FFB12275C4B}"
EndProject
Project("{D954291E-2A0B-460D-934E-DC6B0785DB48}") = "HolisticWare.Core.Security", "..\..\source\HolisticWare.Core.Security\HolisticWare.Core.Security.shproj", "{E3BFE2EA-D505-46A1-B9A5-33DEFE5DF193}"
EndProject
Project("{D954291E-2A0B-460D-934E-DC6B0785DB48}") = "HolisticWare.Core.Text", "..\..\source\HolisticWare.Core.Text\HolisticWare.Core.Text.shproj", "{124E619A-6E2D-48F5-A1D9-275269BD39DF}"
EndProject
Project("{9A19103F-16F7-4668-BE54-9A1E7A4F7556}") = "HolisticWare.Core.Security.NetStandard13", "..\..\source\HolisticWare.Core.Security.NetStandard13\HolisticWare.Core.Security.NetStandard13.csproj", "{386F0D74-ED35-45A2-8321-D75D1D80C3B6}"
EndProject
Project("{9A19103F-16F7-4668-BE54-9A1E7A4F7556}") = "HolisticWare.Core.Security.NetStandard10", "..\..\source\HolisticWare.Core.Security.NetStandard10\HolisticWare.Core.Security.NetStandard10.csproj", "{09840C03-C59A-485C-A58C-79EF439A30B8}"
EndProject
Project("{D954291E-2A0B-460D-934E-DC6B0785DB48}") = "HolisticWare.Core.GIS", "..\..\source\HolisticWare.Core.GIS\HolisticWare.Core.GIS.shproj", "{07A71058-5008-4156-8AA5-2F07A7359306}"
EndProject
Project("{9A19103F-16F7-4668-BE54-9A1E7A4F7556}") = "HolisticWare.Core.Collections.Generic.NetStandard10", "..\..\source\HolisticWare.Core.Collections.Generic.NetStandard10\HolisticWare.Core.Collections.Generic.NetStandard10.csproj", "{4C828D7D-C3A6-4C71-803A-2DBAAA598C65}"
EndProject
Project("{9A19103F-16F7-4668-BE54-9A1E7A4F7556}") = "HolisticWare.Core.GIS.NetStandard10", "..\..\source\HolisticWare.Core.GIS.NetStandard10\HolisticWare.Core.GIS.NetStandard10.csproj", "{7506FE98-377C-4FF2-BAE5-CE8B2E06468F}"
EndProject
Project("{9A19103F-16F7-4668-BE54-9A1E7A4F7556}") = "HolisticWare.Core.Text.NetStandard10", "..\..\source\HolisticWare.Core.Text.NetStandard10\HolisticWare.Core.Text.NetStandard10.csproj", "{BC5E22A0-CAF9-464E-85EF-9D3D8348958D}"
EndProject
Project("{9A19103F-16F7-4668-BE54-9A1E7A4F7556}") = "HolisticWare.Core.NetStandard10", "..\..\source\HolisticWare.Core.NetStandard10\HolisticWare.Core.NetStandard10.csproj", "{964F1FF0-FDAC-4A81-A787-2FE4C5020894}"
EndProject
Global
	GlobalSection(SharedMSBuildProjectFiles) = preSolution
		xunit-netfx\UnitTests.XUnit2.Common\UnitTests.Common.projitems*{0024f89d-876a-4041-a471-878e3011e527}*SharedItemsImports = 13
		..\..\source\HolisticWare.Core.Net.HTTP\HolisticWare.Core.Net.HTTP.projitems*{0145436c-5efe-4ad9-81ba-24d7be276fd1}*SharedItemsImports = 13
		nunit\UnitTests.NUnit.Common\UnitTests.Common.projitems*{049a73ee-1799-42af-b5b7-83ccc2a84050}*SharedItemsImports = 13
		..\..\source\HolisticWare.Core.GIS\HolisticWare.Core.GIS.projitems*{07a71058-5008-4156-8aa5-2f07a7359306}*SharedItemsImports = 13
		xunit-netfx\UnitTests.XUnit2.Common.DotNetStandard13\UnitTests.Common.DotNetStandard13.projitems*{0f518c4e-8e94-4f84-a4df-6f555591c099}*SharedItemsImports = 13
		..\..\source\HolisticWare.Core.Text\HolisticWare.Core.Text.projitems*{124e619a-6e2d-48f5-a1d9-275269bd39df}*SharedItemsImports = 13
		..\..\source\HolisticWare.Core.Collections.Generic\HolisticWare.Core.Collections.Generic.projitems*{57b0eb28-7b4e-410d-b021-0dc9d719c11f}*SharedItemsImports = 13
		..\..\source\HolisticWare.Core.JSON.JWT\HolisticWare.Core.JSON.JWT.projitems*{5adcc2b2-20e1-402b-80ac-6d9678700464}*SharedItemsImports = 13
		nunit\UnitTests.NUnit.Common\UnitTests.Common.projitems*{737a1d9c-0a7c-46dd-8702-fd5f056f40d2}*SharedItemsImports = 4
		xunit-netfx\UnitTests.XUnit2.Common.DotNetStandard11\UnitTests.Common.DotNetStandard11.projitems*{890f111a-d045-492f-87d3-b0f9af04c50b}*SharedItemsImports = 13
		xunit-netfx\UnitTests.XUnit2.Common.DotNetStandard10\UnitTests.Common.DotNetStandard10.projitems*{8afeba5c-0f09-4d27-8dae-168861acbea1}*SharedItemsImports = 13
		xunit-netfx\UnitTests.XUnit2.Common.DotNetStandard13\UnitTests.Common.DotNetStandard13.projitems*{950c219d-274f-4bde-adae-d0c4470d271b}*SharedItemsImports = 4
		xunit-netfx\UnitTests.XUnit2.Common\UnitTests.Common.projitems*{950c219d-274f-4bde-adae-d0c4470d271b}*SharedItemsImports = 4
		nunit\UnitTests.NUnit.Common\UnitTests.Common.projitems*{9e225e03-7f55-4d3b-a66e-6437c2dd32be}*SharedItemsImports = 4
		..\..\source\HolisticWare.Core.Security\HolisticWare.Core.Security.projitems*{e3bfe2ea-d505-46a1-b9a5-33defe5df193}*SharedItemsImports = 13
	EndGlobalSection
	GlobalSection(SolutionConfigurationPlatforms) = preSolution
		Debug|Any CPU = Debug|Any CPU
		Release|Any CPU = Release|Any CPU
	EndGlobalSection
	GlobalSection(ProjectConfigurationPlatforms) = postSolution
		{2FA3D724-A040-4106-9796-C990E427FA1F}.Debug|Any CPU.ActiveCfg = Debug|Any CPU
		{2FA3D724-A040-4106-9796-C990E427FA1F}.Debug|Any CPU.Build.0 = Debug|Any CPU
		{2FA3D724-A040-4106-9796-C990E427FA1F}.Release|Any CPU.ActiveCfg = Release|Any CPU
		{2FA3D724-A040-4106-9796-C990E427FA1F}.Release|Any CPU.Build.0 = Release|Any CPU
		{9E225E03-7F55-4D3B-A66E-6437C2DD32BE}.Debug|Any CPU.ActiveCfg = Debug|Any CPU
		{9E225E03-7F55-4D3B-A66E-6437C2DD32BE}.Debug|Any CPU.Build.0 = Debug|Any CPU
		{9E225E03-7F55-4D3B-A66E-6437C2DD32BE}.Release|Any CPU.ActiveCfg = Release|Any CPU
		{9E225E03-7F55-4D3B-A66E-6437C2DD32BE}.Release|Any CPU.Build.0 = Release|Any CPU
		{737A1D9C-0A7C-46DD-8702-FD5F056F40D2}.Debug|Any CPU.ActiveCfg = Debug|Any CPU
		{737A1D9C-0A7C-46DD-8702-FD5F056F40D2}.Debug|Any CPU.Build.0 = Debug|Any CPU
		{737A1D9C-0A7C-46DD-8702-FD5F056F40D2}.Release|Any CPU.ActiveCfg = Release|Any CPU
		{737A1D9C-0A7C-46DD-8702-FD5F056F40D2}.Release|Any CPU.Build.0 = Release|Any CPU
		{950C219D-274F-4BDE-ADAE-D0C4470D271B}.Debug|Any CPU.ActiveCfg = Debug|Any CPU
		{950C219D-274F-4BDE-ADAE-D0C4470D271B}.Debug|Any CPU.Build.0 = Debug|Any CPU
		{950C219D-274F-4BDE-ADAE-D0C4470D271B}.Release|Any CPU.ActiveCfg = Release|Any CPU
		{950C219D-274F-4BDE-ADAE-D0C4470D271B}.Release|Any CPU.Build.0 = Release|Any CPU
		{99A55A01-73D4-44FE-8E59-9A6E42726B13}.Debug|Any CPU.ActiveCfg = Debug|Any CPU
		{99A55A01-73D4-44FE-8E59-9A6E42726B13}.Debug|Any CPU.Build.0 = Debug|Any CPU
		{99A55A01-73D4-44FE-8E59-9A6E42726B13}.Release|Any CPU.ActiveCfg = Release|Any CPU
		{99A55A01-73D4-44FE-8E59-9A6E42726B13}.Release|Any CPU.Build.0 = Release|Any CPU
		{49E5F228-3D87-4F38-BDF7-26EB3E2DFE69}.Debug|Any CPU.ActiveCfg = Debug|Any CPU
		{49E5F228-3D87-4F38-BDF7-26EB3E2DFE69}.Debug|Any CPU.Build.0 = Debug|Any CPU
		{49E5F228-3D87-4F38-BDF7-26EB3E2DFE69}.Release|Any CPU.ActiveCfg = Release|Any CPU
		{49E5F228-3D87-4F38-BDF7-26EB3E2DFE69}.Release|Any CPU.Build.0 = Release|Any CPU
		{338D3B0A-7246-4A1A-AC70-CFF0D5AA0EF1}.Debug|Any CPU.ActiveCfg = Debug|Any CPU
		{338D3B0A-7246-4A1A-AC70-CFF0D5AA0EF1}.Debug|Any CPU.Build.0 = Debug|Any CPU
		{338D3B0A-7246-4A1A-AC70-CFF0D5AA0EF1}.Release|Any CPU.ActiveCfg = Release|Any CPU
		{338D3B0A-7246-4A1A-AC70-CFF0D5AA0EF1}.Release|Any CPU.Build.0 = Release|Any CPU
		{130B1769-F088-4CCF-9713-7532B56CA013}.Debug|Any CPU.ActiveCfg = Debug|Any CPU
		{130B1769-F088-4CCF-9713-7532B56CA013}.Debug|Any CPU.Build.0 = Debug|Any CPU
		{130B1769-F088-4CCF-9713-7532B56CA013}.Release|Any CPU.ActiveCfg = Release|Any CPU
		{130B1769-F088-4CCF-9713-7532B56CA013}.Release|Any CPU.Build.0 = Release|Any CPU
		{2B4D9BA6-7A6F-4A40-90BF-E317B92ED347}.Debug|Any CPU.ActiveCfg = Debug|Any CPU
		{2B4D9BA6-7A6F-4A40-90BF-E317B92ED347}.Debug|Any CPU.Build.0 = Debug|Any CPU
		{2B4D9BA6-7A6F-4A40-90BF-E317B92ED347}.Release|Any CPU.ActiveCfg = Release|Any CPU
		{2B4D9BA6-7A6F-4A40-90BF-E317B92ED347}.Release|Any CPU.Build.0 = Release|Any CPU
		{3FC9CD9C-91A8-45E0-B619-08F32B7442C0}.Debug|Any CPU.ActiveCfg = Debug|Any CPU
		{3FC9CD9C-91A8-45E0-B619-08F32B7442C0}.Debug|Any CPU.Build.0 = Debug|Any CPU
		{3FC9CD9C-91A8-45E0-B619-08F32B7442C0}.Release|Any CPU.ActiveCfg = Release|Any CPU
		{3FC9CD9C-91A8-45E0-B619-08F32B7442C0}.Release|Any CPU.Build.0 = Release|Any CPU
		{7AE60A2C-BE21-4FEE-B0C3-916C461795CD}.Debug|Any CPU.ActiveCfg = Debug|Any CPU
		{7AE60A2C-BE21-4FEE-B0C3-916C461795CD}.Debug|Any CPU.Build.0 = Debug|Any CPU
		{7AE60A2C-BE21-4FEE-B0C3-916C461795CD}.Release|Any CPU.ActiveCfg = Release|Any CPU
		{7AE60A2C-BE21-4FEE-B0C3-916C461795CD}.Release|Any CPU.Build.0 = Release|Any CPU
		{2F3EC3E8-2F7B-4DD8-833C-F6A00D5F3962}.Debug|Any CPU.ActiveCfg = Debug|Any CPU
		{2F3EC3E8-2F7B-4DD8-833C-F6A00D5F3962}.Debug|Any CPU.Build.0 = Debug|Any CPU
		{2F3EC3E8-2F7B-4DD8-833C-F6A00D5F3962}.Release|Any CPU.ActiveCfg = Release|Any CPU
		{2F3EC3E8-2F7B-4DD8-833C-F6A00D5F3962}.Release|Any CPU.Build.0 = Release|Any CPU
		{A9CB566D-075A-4038-AC8C-BD829D071469}.Debug|Any CPU.ActiveCfg = Debug|Any CPU
		{A9CB566D-075A-4038-AC8C-BD829D071469}.Debug|Any CPU.Build.0 = Debug|Any CPU
		{A9CB566D-075A-4038-AC8C-BD829D071469}.Release|Any CPU.ActiveCfg = Release|Any CPU
		{A9CB566D-075A-4038-AC8C-BD829D071469}.Release|Any CPU.Build.0 = Release|Any CPU
		{E49757B7-D513-4457-B7BF-6FFB12275C4B}.Debug|Any CPU.ActiveCfg = Debug|Any CPU
		{E49757B7-D513-4457-B7BF-6FFB12275C4B}.Debug|Any CPU.Build.0 = Debug|Any CPU
		{E49757B7-D513-4457-B7BF-6FFB12275C4B}.Release|Any CPU.ActiveCfg = Release|Any CPU
		{E49757B7-D513-4457-B7BF-6FFB12275C4B}.Release|Any CPU.Build.0 = Release|Any CPU
		{386F0D74-ED35-45A2-8321-D75D1D80C3B6}.Debug|Any CPU.ActiveCfg = Debug|Any CPU
		{386F0D74-ED35-45A2-8321-D75D1D80C3B6}.Debug|Any CPU.Build.0 = Debug|Any CPU
		{386F0D74-ED35-45A2-8321-D75D1D80C3B6}.Release|Any CPU.ActiveCfg = Release|Any CPU
		{386F0D74-ED35-45A2-8321-D75D1D80C3B6}.Release|Any CPU.Build.0 = Release|Any CPU
		{09840C03-C59A-485C-A58C-79EF439A30B8}.Debug|Any CPU.ActiveCfg = Debug|Any CPU
		{09840C03-C59A-485C-A58C-79EF439A30B8}.Debug|Any CPU.Build.0 = Debug|Any CPU
		{09840C03-C59A-485C-A58C-79EF439A30B8}.Release|Any CPU.ActiveCfg = Release|Any CPU
		{09840C03-C59A-485C-A58C-79EF439A30B8}.Release|Any CPU.Build.0 = Release|Any CPU
		{4C828D7D-C3A6-4C71-803A-2DBAAA598C65}.Debug|Any CPU.ActiveCfg = Debug|Any CPU
		{4C828D7D-C3A6-4C71-803A-2DBAAA598C65}.Debug|Any CPU.Build.0 = Debug|Any CPU
		{4C828D7D-C3A6-4C71-803A-2DBAAA598C65}.Release|Any CPU.ActiveCfg = Release|Any CPU
		{4C828D7D-C3A6-4C71-803A-2DBAAA598C65}.Release|Any CPU.Build.0 = Release|Any CPU
		{7506FE98-377C-4FF2-BAE5-CE8B2E06468F}.Debug|Any CPU.ActiveCfg = Debug|Any CPU
		{7506FE98-377C-4FF2-BAE5-CE8B2E06468F}.Debug|Any CPU.Build.0 = Debug|Any CPU
		{7506FE98-377C-4FF2-BAE5-CE8B2E06468F}.Release|Any CPU.ActiveCfg = Release|Any CPU
		{7506FE98-377C-4FF2-BAE5-CE8B2E06468F}.Release|Any CPU.Build.0 = Release|Any CPU
		{BC5E22A0-CAF9-464E-85EF-9D3D8348958D}.Debug|Any CPU.ActiveCfg = Debug|Any CPU
		{BC5E22A0-CAF9-464E-85EF-9D3D8348958D}.Debug|Any CPU.Build.0 = Debug|Any CPU
		{BC5E22A0-CAF9-464E-85EF-9D3D8348958D}.Release|Any CPU.ActiveCfg = Release|Any CPU
		{BC5E22A0-CAF9-464E-85EF-9D3D8348958D}.Release|Any CPU.Build.0 = Release|Any CPU
		{964F1FF0-FDAC-4A81-A787-2FE4C5020894}.Debug|Any CPU.ActiveCfg = Debug|Any CPU
		{964F1FF0-FDAC-4A81-A787-2FE4C5020894}.Debug|Any CPU.Build.0 = Debug|Any CPU
		{964F1FF0-FDAC-4A81-A787-2FE4C5020894}.Release|Any CPU.ActiveCfg = Release|Any CPU
		{964F1FF0-FDAC-4A81-A787-2FE4C5020894}.Release|Any CPU.Build.0 = Release|Any CPU
	EndGlobalSection
	GlobalSection(SolutionProperties) = preSolution
		HideSolutionNode = FALSE
	EndGlobalSection
	GlobalSection(NestedProjects) = preSolution
		{049A73EE-1799-42AF-B5B7-83CCC2A84050} = {7D8F54EF-1449-4D09-A6E5-90CCD00A691E}
		{7D8F54EF-1449-4D09-A6E5-90CCD00A691E} = {A04A0F84-8D87-4F96-8A48-43D171D71843}
		{6AABBDBB-CA0E-423E-99EF-08AF89C32AAA} = {A04A0F84-8D87-4F96-8A48-43D171D71843}
		{2FA3D724-A040-4106-9796-C990E427FA1F} = {7D8F54EF-1449-4D09-A6E5-90CCD00A691E}
		{9E225E03-7F55-4D3B-A66E-6437C2DD32BE} = {7D8F54EF-1449-4D09-A6E5-90CCD00A691E}
		{737A1D9C-0A7C-46DD-8702-FD5F056F40D2} = {7D8F54EF-1449-4D09-A6E5-90CCD00A691E}
		{0024F89D-876A-4041-A471-878E3011E527} = {6AABBDBB-CA0E-423E-99EF-08AF89C32AAA}
		{8AFEBA5C-0F09-4D27-8DAE-168861ACBEA1} = {6AABBDBB-CA0E-423E-99EF-08AF89C32AAA}
		{890F111A-D045-492F-87D3-B0F9AF04C50B} = {6AABBDBB-CA0E-423E-99EF-08AF89C32AAA}
		{0F518C4E-8E94-4F84-A4DF-6F555591C099} = {6AABBDBB-CA0E-423E-99EF-08AF89C32AAA}
		{950C219D-274F-4BDE-ADAE-D0C4470D271B} = {6AABBDBB-CA0E-423E-99EF-08AF89C32AAA}
		{0145436C-5EFE-4AD9-81BA-24D7BE276FD1} = {5E437C0A-3605-44A4-85F8-C867E11EC6A3}
		{99A55A01-73D4-44FE-8E59-9A6E42726B13} = {5E437C0A-3605-44A4-85F8-C867E11EC6A3}
		{49E5F228-3D87-4F38-BDF7-26EB3E2DFE69} = {5E437C0A-3605-44A4-85F8-C867E11EC6A3}
		{338D3B0A-7246-4A1A-AC70-CFF0D5AA0EF1} = {5E437C0A-3605-44A4-85F8-C867E11EC6A3}
		{5ADCC2B2-20E1-402B-80AC-6D9678700464} = {5E437C0A-3605-44A4-85F8-C867E11EC6A3}
		{130B1769-F088-4CCF-9713-7532B56CA013} = {5E437C0A-3605-44A4-85F8-C867E11EC6A3}
		{2B4D9BA6-7A6F-4A40-90BF-E317B92ED347} = {5E437C0A-3605-44A4-85F8-C867E11EC6A3}
		{3FC9CD9C-91A8-45E0-B619-08F32B7442C0} = {5E437C0A-3605-44A4-85F8-C867E11EC6A3}
		{7AE60A2C-BE21-4FEE-B0C3-916C461795CD} = {5E437C0A-3605-44A4-85F8-C867E11EC6A3}
		{2F3EC3E8-2F7B-4DD8-833C-F6A00D5F3962} = {5E437C0A-3605-44A4-85F8-C867E11EC6A3}
		{A9CB566D-075A-4038-AC8C-BD829D071469} = {5E437C0A-3605-44A4-85F8-C867E11EC6A3}
		{57B0EB28-7B4E-410D-B021-0DC9D719C11F} = {5E437C0A-3605-44A4-85F8-C867E11EC6A3}
		{E49757B7-D513-4457-B7BF-6FFB12275C4B} = {5E437C0A-3605-44A4-85F8-C867E11EC6A3}
		{E3BFE2EA-D505-46A1-B9A5-33DEFE5DF193} = {5E437C0A-3605-44A4-85F8-C867E11EC6A3}
		{124E619A-6E2D-48F5-A1D9-275269BD39DF} = {5E437C0A-3605-44A4-85F8-C867E11EC6A3}
		{386F0D74-ED35-45A2-8321-D75D1D80C3B6} = {5E437C0A-3605-44A4-85F8-C867E11EC6A3}
		{09840C03-C59A-485C-A58C-79EF439A30B8} = {5E437C0A-3605-44A4-85F8-C867E11EC6A3}
		{07A71058-5008-4156-8AA5-2F07A7359306} = {5E437C0A-3605-44A4-85F8-C867E11EC6A3}
		{4C828D7D-C3A6-4C71-803A-2DBAAA598C65} = {5E437C0A-3605-44A4-85F8-C867E11EC6A3}
		{7506FE98-377C-4FF2-BAE5-CE8B2E06468F} = {5E437C0A-3605-44A4-85F8-C867E11EC6A3}
		{BC5E22A0-CAF9-464E-85EF-9D3D8348958D} = {5E437C0A-3605-44A4-85F8-C867E11EC6A3}
		{964F1FF0-FDAC-4A81-A787-2FE4C5020894} = {5E437C0A-3605-44A4-85F8-C867E11EC6A3}
	EndGlobalSection
	GlobalSection(ExtensibilityGlobals) = postSolution
		SolutionGuid = {80201DC7-57D3-4125-B682-E23C0FE2C569}
	EndGlobalSection
EndGlobal
