
Microsoft Visual Studio Solution File, Format Version 12.00
# Visual Studio 15
VisualStudioVersion = 15.0.26730.16
MinimumVisualStudioVersion = 10.0.40219.1
Project("{FAE04EC0-301F-11D3-BF4B-00C04F79EFBC}") = "DotNETStandard10", "DotNETStandard10\DotNETStandard10.csproj", "{F5D9A1E6-FDB1-41AE-9771-032F71A45D1C}"
EndProject
Project("{D954291E-2A0B-460D-934E-DC6B0785DB48}") = "ClassesToTest.Shared", "ClassesToTest.Shared\ClassesToTest.Shared.shproj", "{3A2AE435-5197-4622-85E1-C6A7E811808F}"
EndProject
Project("{FAE04EC0-301F-11D3-BF4B-00C04F79EFBC}") = "DotNETStandard11", "DotNETStandard11\DotNETStandard11.csproj", "{82D72DAA-F0CA-451A-8090-0137141B9F93}"
EndProject
Project("{FAE04EC0-301F-11D3-BF4B-00C04F79EFBC}") = "DotNETStandard16", "DotNETStandard16\DotNETStandard16.csproj", "{BA4D5FAE-0592-47BA-B3BB-C23755FAA617}"
EndProject
Global
	GlobalSection(SolutionConfigurationPlatforms) = preSolution
		Debug|Any CPU = Debug|Any CPU
		Release|Any CPU = Release|Any CPU
	EndGlobalSection
	GlobalSection(ProjectConfigurationPlatforms) = postSolution
		{F5D9A1E6-FDB1-41AE-9771-032F71A45D1C}.Debug|Any CPU.ActiveCfg = Debug|Any CPU
		{F5D9A1E6-FDB1-41AE-9771-032F71A45D1C}.Debug|Any CPU.Build.0 = Debug|Any CPU
		{F5D9A1E6-FDB1-41AE-9771-032F71A45D1C}.Release|Any CPU.ActiveCfg = Release|Any CPU
		{F5D9A1E6-FDB1-41AE-9771-032F71A45D1C}.Release|Any CPU.Build.0 = Release|Any CPU
		{82D72DAA-F0CA-451A-8090-0137141B9F93}.Debug|Any CPU.ActiveCfg = Debug|Any CPU
		{82D72DAA-F0CA-451A-8090-0137141B9F93}.Debug|Any CPU.Build.0 = Debug|Any CPU
		{82D72DAA-F0CA-451A-8090-0137141B9F93}.Release|Any CPU.ActiveCfg = Release|Any CPU
		{82D72DAA-F0CA-451A-8090-0137141B9F93}.Release|Any CPU.Build.0 = Release|Any CPU
		{BA4D5FAE-0592-47BA-B3BB-C23755FAA617}.Debug|Any CPU.ActiveCfg = Debug|Any CPU
		{BA4D5FAE-0592-47BA-B3BB-C23755FAA617}.Debug|Any CPU.Build.0 = Debug|Any CPU
		{BA4D5FAE-0592-47BA-B3BB-C23755FAA617}.Release|Any CPU.ActiveCfg = Release|Any CPU
		{BA4D5FAE-0592-47BA-B3BB-C23755FAA617}.Release|Any CPU.Build.0 = Release|Any CPU
	EndGlobalSection
	GlobalSection(SolutionProperties) = preSolution
		HideSolutionNode = FALSE
	EndGlobalSection
	GlobalSection(ExtensibilityGlobals) = postSolution
		SolutionGuid = {80201DC7-57D3-4125-B682-E23C0FE2C569}
	EndGlobalSection
EndGlobal
