
Microsoft Visual Studio Solution File, Format Version 12.00
# Visual Studio 15
VisualStudioVersion = 15.0.27004.2009
MinimumVisualStudioVersion = 10.0.40219.1
Project("{D954291E-2A0B-460D-934E-DC6B0785DB48}") = "HolisticWare.Core.Net.HTTP", "HolisticWare.Core.Net.HTTP\HolisticWare.Core.Net.HTTP.shproj", "{0145436C-5EFE-4AD9-81BA-24D7BE276FD1}"
EndProject
Project("{9A19103F-16F7-4668-BE54-9A1E7A4F7556}") = "HolisticWare.Core.Net.HTTP.NetStandard10", "HolisticWare.Core.Net.HTTP.NetStandard10\HolisticWare.Core.Net.HTTP.NetStandard10.csproj", "{99A55A01-73D4-44FE-8E59-9A6E42726B13}"
EndProject
Project("{9A19103F-16F7-4668-BE54-9A1E7A4F7556}") = "HolisticWare.Core.Net.HTTP.NetStandard11", "HolisticWare.Core.Net.HTTP.NetStandard11\HolisticWare.Core.Net.HTTP.NetStandard11.csproj", "{49E5F228-3D87-4F38-BDF7-26EB3E2DFE69}"
EndProject
Project("{9A19103F-16F7-4668-BE54-9A1E7A4F7556}") = "HolisticWare.Core.Net.HTTP.NetStandard13", "HolisticWare.Core.Net.HTTP.NetStandard13\HolisticWare.Core.Net.HTTP.NetStandard13.csproj", "{338D3B0A-7246-4A1A-AC70-CFF0D5AA0EF1}"
EndProject
Project("{D954291E-2A0B-460D-934E-DC6B0785DB48}") = "HolisticWare.Core.JSON.JWT", "HolisticWare.Core.JSON.JWT\HolisticWare.Core.JSON.JWT.shproj", "{5ADCC2B2-20E1-402B-80AC-6D9678700464}"
EndProject
Project("{9A19103F-16F7-4668-BE54-9A1E7A4F7556}") = "HolisticWare.System.Json.NetStandard10", "HolisticWare.System.Json.NetStandard10\HolisticWare.System.Json.NetStandard10.csproj", "{130B1769-F088-4CCF-9713-7532B56CA013}"
EndProject
Project("{9A19103F-16F7-4668-BE54-9A1E7A4F7556}") = "HolisticWare.System.Json.NetStandard11", "HolisticWare.System.Json.NetStandard11\HolisticWare.System.Json.NetStandard11.csproj", "{2B4D9BA6-7A6F-4A40-90BF-E317B92ED347}"
EndProject
Project("{9A19103F-16F7-4668-BE54-9A1E7A4F7556}") = "HolisticWare.System.Json.NetStandard13", "HolisticWare.System.Json.NetStandard13\HolisticWare.System.Json.NetStandard13.csproj", "{3FC9CD9C-91A8-45E0-B619-08F32B7442C0}"
EndProject
Project("{9A19103F-16F7-4668-BE54-9A1E7A4F7556}") = "HolisticWare.Core.JSON.JWT.NetStandard10", "HolisticWare.Core.JSON.JWT.NetStandard10\HolisticWare.Core.JSON.JWT.NetStandard10.csproj", "{7AE60A2C-BE21-4FEE-B0C3-916C461795CD}"
EndProject
Project("{9A19103F-16F7-4668-BE54-9A1E7A4F7556}") = "HolisticWare.Core.JSON.JWT.NetStandard11", "HolisticWare.Core.JSON.JWT.NetStandard11\HolisticWare.Core.JSON.JWT.NetStandard11.csproj", "{2F3EC3E8-2F7B-4DD8-833C-F6A00D5F3962}"
EndProject
Project("{9A19103F-16F7-4668-BE54-9A1E7A4F7556}") = "HolisticWare.Core.JSON.JWT.NetStandard13", "HolisticWare.Core.JSON.JWT.NetStandard13\HolisticWare.Core.JSON.JWT.NetStandard13.csproj", "{A9CB566D-075A-4038-AC8C-BD829D071469}"
EndProject
Project("{D954291E-2A0B-460D-934E-DC6B0785DB48}") = "HolisticWare.Core.Collections.Generic", "HolisticWare.Core.Collections.Generic\HolisticWare.Core.Collections.Generic.shproj", "{57B0EB28-7B4E-410D-B021-0DC9D719C11F}"
EndProject
Project("{9A19103F-16F7-4668-BE54-9A1E7A4F7556}") = "HolisticWare.Core.Net.HTTP.NetStandard20", "HolisticWare.Core.Net.HTTP.NetStandard20\HolisticWare.Core.Net.HTTP.NetStandard20.csproj", "{E49757B7-D513-4457-B7BF-6FFB12275C4B}"
EndProject
Project("{D954291E-2A0B-460D-934E-DC6B0785DB48}") = "HolisticWare.Core.Security", "HolisticWare.Core.Security\HolisticWare.Core.Security.shproj", "{E3BFE2EA-D505-46A1-B9A5-33DEFE5DF193}"
EndProject
Project("{D954291E-2A0B-460D-934E-DC6B0785DB48}") = "HolisticWare.Core.Text", "HolisticWare.Core.Text\HolisticWare.Core.Text.shproj", "{124E619A-6E2D-48F5-A1D9-275269BD39DF}"
EndProject
Project("{9A19103F-16F7-4668-BE54-9A1E7A4F7556}") = "HolisticWare.Core.Security.NetStandard13", "HolisticWare.Core.Security.NetStandard13\HolisticWare.Core.Security.NetStandard13.csproj", "{386F0D74-ED35-45A2-8321-D75D1D80C3B6}"
EndProject
Project("{9A19103F-16F7-4668-BE54-9A1E7A4F7556}") = "HolisticWare.Core.Security.NetStandard10", "HolisticWare.Core.Security.NetStandard10\HolisticWare.Core.Security.NetStandard10.csproj", "{09840C03-C59A-485C-A58C-79EF439A30B8}"
EndProject
Project("{D954291E-2A0B-460D-934E-DC6B0785DB48}") = "HolisticWare.Core.GIS", "HolisticWare.Core.GIS\HolisticWare.Core.GIS.shproj", "{07A71058-5008-4156-8AA5-2F07A7359306}"
EndProject
Project("{9A19103F-16F7-4668-BE54-9A1E7A4F7556}") = "HolisticWare.Core.Collections.Generic.NetStandard10", "HolisticWare.Core.Collections.Generic.NetStandard10\HolisticWare.Core.Collections.Generic.NetStandard10.csproj", "{4C828D7D-C3A6-4C71-803A-2DBAAA598C65}"
EndProject
Project("{9A19103F-16F7-4668-BE54-9A1E7A4F7556}") = "HolisticWare.Core.GIS.NetStandard10", "HolisticWare.Core.GIS.NetStandard10\HolisticWare.Core.GIS.NetStandard10.csproj", "{7506FE98-377C-4FF2-BAE5-CE8B2E06468F}"
EndProject
Project("{9A19103F-16F7-4668-BE54-9A1E7A4F7556}") = "HolisticWare.Core.Text.NetStandard10", "HolisticWare.Core.Text.NetStandard10\HolisticWare.Core.Text.NetStandard10.csproj", "{BC5E22A0-CAF9-464E-85EF-9D3D8348958D}"
EndProject
Project("{9A19103F-16F7-4668-BE54-9A1E7A4F7556}") = "HolisticWare.Core.NetStandard10", "HolisticWare.Core.NetStandard10\HolisticWare.Core.NetStandard10.csproj", "{964F1FF0-FDAC-4A81-A787-2FE4C5020894}"
EndProject
Project("{D954291E-2A0B-460D-934E-DC6B0785DB48}") = "HolisticWare.Core", "HolisticWare.Core\HolisticWare.Core.shproj", "{994E6A76-908C-45C8-BBDC-D1B5152D4658}"
EndProject
Project("{D954291E-2A0B-460D-934E-DC6B0785DB48}") = "HolisticWare.System.Json", "HolisticWare.System.Json\HolisticWare.System.Json.shproj", "{CBF43DCD-6897-479D-B3CD-E03BCDB32CEF}"
EndProject
Global
	GlobalSection(SharedMSBuildProjectFiles) = preSolution
		HolisticWare.Core.Net.HTTP\HolisticWare.Core.Net.HTTP.projitems*{0145436c-5efe-4ad9-81ba-24d7be276fd1}*SharedItemsImports = 13
		HolisticWare.Core.GIS\HolisticWare.Core.GIS.projitems*{07a71058-5008-4156-8aa5-2f07a7359306}*SharedItemsImports = 13
		HolisticWare.Core.Text\HolisticWare.Core.Text.projitems*{124e619a-6e2d-48f5-a1d9-275269bd39df}*SharedItemsImports = 13
		HolisticWare.Core.Collections.Generic\HolisticWare.Core.Collections.Generic.projitems*{57b0eb28-7b4e-410d-b021-0dc9d719c11f}*SharedItemsImports = 13
		HolisticWare.Core.JSON.JWT\HolisticWare.Core.JSON.JWT.projitems*{5adcc2b2-20e1-402b-80ac-6d9678700464}*SharedItemsImports = 13
		HolisticWare.Core\HolisticWare.Core.projitems*{994e6a76-908c-45c8-bbdc-d1b5152d4658}*SharedItemsImports = 13
		HolisticWare.System.Json\HolisticWare.System.Json.projitems*{cbf43dcd-6897-479d-b3cd-e03bcdb32cef}*SharedItemsImports = 13
		HolisticWare.Core.Security\HolisticWare.Core.Security.projitems*{e3bfe2ea-d505-46a1-b9a5-33defe5df193}*SharedItemsImports = 13
	EndGlobalSection
	GlobalSection(SolutionConfigurationPlatforms) = preSolution
		Debug|Any CPU = Debug|Any CPU
		Release|Any CPU = Release|Any CPU
	EndGlobalSection
	GlobalSection(ProjectConfigurationPlatforms) = postSolution
		{99A55A01-73D4-44FE-8E59-9A6E42726B13}.Debug|Any CPU.ActiveCfg = Debug|Any CPU
		{99A55A01-73D4-44FE-8E59-9A6E42726B13}.Debug|Any CPU.Build.0 = Debug|Any CPU
		{99A55A01-73D4-44FE-8E59-9A6E42726B13}.Release|Any CPU.ActiveCfg = Release|Any CPU
		{99A55A01-73D4-44FE-8E59-9A6E42726B13}.Release|Any CPU.Build.0 = Release|Any CPU
		{49E5F228-3D87-4F38-BDF7-26EB3E2DFE69}.Debug|Any CPU.ActiveCfg = Debug|Any CPU
		{49E5F228-3D87-4F38-BDF7-26EB3E2DFE69}.Debug|Any CPU.Build.0 = Debug|Any CPU
		{49E5F228-3D87-4F38-BDF7-26EB3E2DFE69}.Release|Any CPU.ActiveCfg = Release|Any CPU
		{49E5F228-3D87-4F38-BDF7-26EB3E2DFE69}.Release|Any CPU.Build.0 = Release|Any CPU
		{338D3B0A-7246-4A1A-AC70-CFF0D5AA0EF1}.Debug|Any CPU.ActiveCfg = Debug|Any CPU
		{338D3B0A-7246-4A1A-AC70-CFF0D5AA0EF1}.Debug|Any CPU.Build.0 = Debug|Any CPU
		{338D3B0A-7246-4A1A-AC70-CFF0D5AA0EF1}.Release|Any CPU.ActiveCfg = Release|Any CPU
		{338D3B0A-7246-4A1A-AC70-CFF0D5AA0EF1}.Release|Any CPU.Build.0 = Release|Any CPU
		{130B1769-F088-4CCF-9713-7532B56CA013}.Debug|Any CPU.ActiveCfg = Debug|Any CPU
		{130B1769-F088-4CCF-9713-7532B56CA013}.Debug|Any CPU.Build.0 = Debug|Any CPU
		{130B1769-F088-4CCF-9713-7532B56CA013}.Release|Any CPU.ActiveCfg = Release|Any CPU
		{130B1769-F088-4CCF-9713-7532B56CA013}.Release|Any CPU.Build.0 = Release|Any CPU
		{2B4D9BA6-7A6F-4A40-90BF-E317B92ED347}.Debug|Any CPU.ActiveCfg = Debug|Any CPU
		{2B4D9BA6-7A6F-4A40-90BF-E317B92ED347}.Debug|Any CPU.Build.0 = Debug|Any CPU
		{2B4D9BA6-7A6F-4A40-90BF-E317B92ED347}.Release|Any CPU.ActiveCfg = Release|Any CPU
		{2B4D9BA6-7A6F-4A40-90BF-E317B92ED347}.Release|Any CPU.Build.0 = Release|Any CPU
		{3FC9CD9C-91A8-45E0-B619-08F32B7442C0}.Debug|Any CPU.ActiveCfg = Debug|Any CPU
		{3FC9CD9C-91A8-45E0-B619-08F32B7442C0}.Debug|Any CPU.Build.0 = Debug|Any CPU
		{3FC9CD9C-91A8-45E0-B619-08F32B7442C0}.Release|Any CPU.ActiveCfg = Release|Any CPU
		{3FC9CD9C-91A8-45E0-B619-08F32B7442C0}.Release|Any CPU.Build.0 = Release|Any CPU
		{7AE60A2C-BE21-4FEE-B0C3-916C461795CD}.Debug|Any CPU.ActiveCfg = Debug|Any CPU
		{7AE60A2C-BE21-4FEE-B0C3-916C461795CD}.Debug|Any CPU.Build.0 = Debug|Any CPU
		{7AE60A2C-BE21-4FEE-B0C3-916C461795CD}.Release|Any CPU.ActiveCfg = Release|Any CPU
		{7AE60A2C-BE21-4FEE-B0C3-916C461795CD}.Release|Any CPU.Build.0 = Release|Any CPU
		{2F3EC3E8-2F7B-4DD8-833C-F6A00D5F3962}.Debug|Any CPU.ActiveCfg = Debug|Any CPU
		{2F3EC3E8-2F7B-4DD8-833C-F6A00D5F3962}.Debug|Any CPU.Build.0 = Debug|Any CPU
		{2F3EC3E8-2F7B-4DD8-833C-F6A00D5F3962}.Release|Any CPU.ActiveCfg = Release|Any CPU
		{2F3EC3E8-2F7B-4DD8-833C-F6A00D5F3962}.Release|Any CPU.Build.0 = Release|Any CPU
		{A9CB566D-075A-4038-AC8C-BD829D071469}.Debug|Any CPU.ActiveCfg = Debug|Any CPU
		{A9CB566D-075A-4038-AC8C-BD829D071469}.Debug|Any CPU.Build.0 = Debug|Any CPU
		{A9CB566D-075A-4038-AC8C-BD829D071469}.Release|Any CPU.ActiveCfg = Release|Any CPU
		{A9CB566D-075A-4038-AC8C-BD829D071469}.Release|Any CPU.Build.0 = Release|Any CPU
		{E49757B7-D513-4457-B7BF-6FFB12275C4B}.Debug|Any CPU.ActiveCfg = Debug|Any CPU
		{E49757B7-D513-4457-B7BF-6FFB12275C4B}.Debug|Any CPU.Build.0 = Debug|Any CPU
		{E49757B7-D513-4457-B7BF-6FFB12275C4B}.Release|Any CPU.ActiveCfg = Release|Any CPU
		{E49757B7-D513-4457-B7BF-6FFB12275C4B}.Release|Any CPU.Build.0 = Release|Any CPU
		{386F0D74-ED35-45A2-8321-D75D1D80C3B6}.Debug|Any CPU.ActiveCfg = Debug|Any CPU
		{386F0D74-ED35-45A2-8321-D75D1D80C3B6}.Debug|Any CPU.Build.0 = Debug|Any CPU
		{386F0D74-ED35-45A2-8321-D75D1D80C3B6}.Release|Any CPU.ActiveCfg = Release|Any CPU
		{386F0D74-ED35-45A2-8321-D75D1D80C3B6}.Release|Any CPU.Build.0 = Release|Any CPU
		{09840C03-C59A-485C-A58C-79EF439A30B8}.Debug|Any CPU.ActiveCfg = Debug|Any CPU
		{09840C03-C59A-485C-A58C-79EF439A30B8}.Debug|Any CPU.Build.0 = Debug|Any CPU
		{09840C03-C59A-485C-A58C-79EF439A30B8}.Release|Any CPU.ActiveCfg = Release|Any CPU
		{09840C03-C59A-485C-A58C-79EF439A30B8}.Release|Any CPU.Build.0 = Release|Any CPU
		{4C828D7D-C3A6-4C71-803A-2DBAAA598C65}.Debug|Any CPU.ActiveCfg = Debug|Any CPU
		{4C828D7D-C3A6-4C71-803A-2DBAAA598C65}.Debug|Any CPU.Build.0 = Debug|Any CPU
		{4C828D7D-C3A6-4C71-803A-2DBAAA598C65}.Release|Any CPU.ActiveCfg = Release|Any CPU
		{4C828D7D-C3A6-4C71-803A-2DBAAA598C65}.Release|Any CPU.Build.0 = Release|Any CPU
		{7506FE98-377C-4FF2-BAE5-CE8B2E06468F}.Debug|Any CPU.ActiveCfg = Debug|Any CPU
		{7506FE98-377C-4FF2-BAE5-CE8B2E06468F}.Debug|Any CPU.Build.0 = Debug|Any CPU
		{7506FE98-377C-4FF2-BAE5-CE8B2E06468F}.Release|Any CPU.ActiveCfg = Release|Any CPU
		{7506FE98-377C-4FF2-BAE5-CE8B2E06468F}.Release|Any CPU.Build.0 = Release|Any CPU
		{BC5E22A0-CAF9-464E-85EF-9D3D8348958D}.Debug|Any CPU.ActiveCfg = Debug|Any CPU
		{BC5E22A0-CAF9-464E-85EF-9D3D8348958D}.Debug|Any CPU.Build.0 = Debug|Any CPU
		{BC5E22A0-CAF9-464E-85EF-9D3D8348958D}.Release|Any CPU.ActiveCfg = Release|Any CPU
		{BC5E22A0-CAF9-464E-85EF-9D3D8348958D}.Release|Any CPU.Build.0 = Release|Any CPU
		{964F1FF0-FDAC-4A81-A787-2FE4C5020894}.Debug|Any CPU.ActiveCfg = Debug|Any CPU
		{964F1FF0-FDAC-4A81-A787-2FE4C5020894}.Debug|Any CPU.Build.0 = Debug|Any CPU
		{964F1FF0-FDAC-4A81-A787-2FE4C5020894}.Release|Any CPU.ActiveCfg = Release|Any CPU
		{964F1FF0-FDAC-4A81-A787-2FE4C5020894}.Release|Any CPU.Build.0 = Release|Any CPU
	EndGlobalSection
	GlobalSection(SolutionProperties) = preSolution
		HideSolutionNode = FALSE
	EndGlobalSection
	GlobalSection(ExtensibilityGlobals) = postSolution
		SolutionGuid = {80201DC7-57D3-4125-B682-E23C0FE2C569}
	EndGlobalSection
EndGlobal
